// !$*UTF8*$!
{
	archiveVersion = 1;
	classes = {
	};
	objectVersion = 50;
	objects = {

/* Begin PBXBuildFile section */
		9A5CDCC1239F3C4F00950019 /* BCXTest.cpp in Sources */ = {isa = PBXBuildFile; fileRef = 9A5CDCBF239F3C4F00950019 /* BCXTest.cpp */; };
		9A5CDCCB239F3D4800950019 /* libbcx.a in Frameworks */ = {isa = PBXBuildFile; fileRef = 9A5CDCC8239F3D3800950019 /* libbcx.a */; };
		9A75EEF92398A1F3008E5D68 /* libz.tbd in Frameworks */ = {isa = PBXBuildFile; fileRef = 9A75EEF82398A1F3008E5D68 /* libz.tbd */; };
		9A9C8B3623916607006A741D /* AppDelegate.m in Sources */ = {isa = PBXBuildFile; fileRef = 9A9C8B3523916607006A741D /* AppDelegate.m */; };
		9A9C8B3923916607006A741D /* SceneDelegate.m in Sources */ = {isa = PBXBuildFile; fileRef = 9A9C8B3823916607006A741D /* SceneDelegate.m */; };
		9A9C8B3C23916607006A741D /* ViewController.mm in Sources */ = {isa = PBXBuildFile; fileRef = 9A9C8B3B23916607006A741D /* ViewController.mm */; };
		9A9C8B3F23916607006A741D /* Main.storyboard in Resources */ = {isa = PBXBuildFile; fileRef = 9A9C8B3D23916607006A741D /* Main.storyboard */; };
		9A9C8B4123916611006A741D /* Assets.xcassets in Resources */ = {isa = PBXBuildFile; fileRef = 9A9C8B4023916611006A741D /* Assets.xcassets */; };
		9A9C8B4423916611006A741D /* LaunchScreen.storyboard in Resources */ = {isa = PBXBuildFile; fileRef = 9A9C8B4223916611006A741D /* LaunchScreen.storyboard */; };
		9A9C8B4723916611006A741D /* main.m in Sources */ = {isa = PBXBuildFile; fileRef = 9A9C8B4623916611006A741D /* main.m */; };
/* End PBXBuildFile section */

/* Begin PBXContainerItemProxy section */
		9A5CDCC7239F3D3800950019 /* PBXContainerItemProxy */ = {
			isa = PBXContainerItemProxy;
			containerPortal = 9A5CDCC2239F3D3800950019 /* bcx.xcodeproj */;
			proxyType = 2;
			remoteGlobalIDString = 9A672E252238A19F00FC9B2D;
			remoteInfo = bcx;
		};
		9A5CDCC9239F3D3800950019 /* PBXContainerItemProxy */ = {
			isa = PBXContainerItemProxy;
			containerPortal = 9A5CDCC2239F3D3800950019 /* bcx.xcodeproj */;
			proxyType = 2;
			remoteGlobalIDString = 9A86EBB922814F87007883A8;
			remoteInfo = "bcx mac";
		};
/* End PBXContainerItemProxy section */

/* Begin PBXFileReference section */
		9A5CDCBF239F3C4F00950019 /* BCXTest.cpp */ = {isa = PBXFileReference; fileEncoding = 4; lastKnownFileType = sourcecode.cpp.cpp; name = BCXTest.cpp; path = ../../Classes/BCXTest.cpp; sourceTree = "<group>"; };
		9A5CDCC0239F3C4F00950019 /* BCXTest.hpp */ = {isa = PBXFileReference; fileEncoding = 4; lastKnownFileType = sourcecode.cpp.h; name = BCXTest.hpp; path = ../../Classes/BCXTest.hpp; sourceTree = "<group>"; };
		9A5CDCC2239F3D3800950019 /* bcx.xcodeproj */ = {isa = PBXFileReference; lastKnownFileType = "wrapper.pb-project"; name = bcx.xcodeproj; path = "../../bcx/project/bcx-lib-ios/bcx.xcodeproj"; sourceTree = "<group>"; };
		9A75EEF82398A1F3008E5D68 /* libz.tbd */ = {isa = PBXFileReference; lastKnownFileType = "sourcecode.text-based-dylib-definition"; name = libz.tbd; path = usr/lib/libz.tbd; sourceTree = SDKROOT; };
		9A9C8B3123916607006A741D /* BCXTest.app */ = {isa = PBXFileReference; explicitFileType = wrapper.application; includeInIndex = 0; path = BCXTest.app; sourceTree = BUILT_PRODUCTS_DIR; };
		9A9C8B3423916607006A741D /* AppDelegate.h */ = {isa = PBXFileReference; lastKnownFileType = sourcecode.c.h; path = AppDelegate.h; sourceTree = "<group>"; };
		9A9C8B3523916607006A741D /* AppDelegate.m */ = {isa = PBXFileReference; lastKnownFileType = sourcecode.c.objc; path = AppDelegate.m; sourceTree = "<group>"; };
		9A9C8B3723916607006A741D /* SceneDelegate.h */ = {isa = PBXFileReference; lastKnownFileType = sourcecode.c.h; path = SceneDelegate.h; sourceTree = "<group>"; };
		9A9C8B3823916607006A741D /* SceneDelegate.m */ = {isa = PBXFileReference; lastKnownFileType = sourcecode.c.objc; path = SceneDelegate.m; sourceTree = "<group>"; };
		9A9C8B3A23916607006A741D /* ViewController.h */ = {isa = PBXFileReference; lastKnownFileType = sourcecode.c.h; path = ViewController.h; sourceTree = "<group>"; };
		9A9C8B3B23916607006A741D /* ViewController.mm */ = {isa = PBXFileReference; lastKnownFileType = sourcecode.cpp.objcpp; path = ViewController.mm; sourceTree = "<group>"; };
		9A9C8B3E23916607006A741D /* Base */ = {isa = PBXFileReference; lastKnownFileType = file.storyboard; name = Base; path = Base.lproj/Main.storyboard; sourceTree = "<group>"; };
		9A9C8B4023916611006A741D /* Assets.xcassets */ = {isa = PBXFileReference; lastKnownFileType = folder.assetcatalog; path = Assets.xcassets; sourceTree = "<group>"; };
		9A9C8B4323916611006A741D /* Base */ = {isa = PBXFileReference; lastKnownFileType = file.storyboard; name = Base; path = Base.lproj/LaunchScreen.storyboard; sourceTree = "<group>"; };
		9A9C8B4523916611006A741D /* Info.plist */ = {isa = PBXFileReference; lastKnownFileType = text.plist.xml; path = Info.plist; sourceTree = "<group>"; };
		9A9C8B4623916611006A741D /* main.m */ = {isa = PBXFileReference; lastKnownFileType = sourcecode.c.objc; path = main.m; sourceTree = "<group>"; };
/* End PBXFileReference section */

/* Begin PBXFrameworksBuildPhase section */
		9A9C8B2E23916607006A741D /* Frameworks */ = {
			isa = PBXFrameworksBuildPhase;
			buildActionMask = 2147483647;
			files = (
				9A5CDCCB239F3D4800950019 /* libbcx.a in Frameworks */,
				9A75EEF92398A1F3008E5D68 /* libz.tbd in Frameworks */,
			);
			runOnlyForDeploymentPostprocessing = 0;
		};
/* End PBXFrameworksBuildPhase section */

/* Begin PBXGroup section */
		9A5CDCC3239F3D3800950019 /* Products */ = {
			isa = PBXGroup;
			children = (
				9A5CDCC8239F3D3800950019 /* libbcx.a */,
				9A5CDCCA239F3D3800950019 /* libbcx mac.a */,
			);
			name = Products;
			sourceTree = "<group>";
		};
		9A75EED823989C56008E5D68 /* Frameworks */ = {
			isa = PBXGroup;
			children = (
				9A75EEF82398A1F3008E5D68 /* libz.tbd */,
			);
			name = Frameworks;
			sourceTree = "<group>";
		};
		9A9C8B2823916607006A741D = {
			isa = PBXGroup;
			children = (
				9A5CDCC2239F3D3800950019 /* bcx.xcodeproj */,
				9A9C8B3323916607006A741D /* BCXTest */,
				9A9C8B3223916607006A741D /* Products */,
				9A75EED823989C56008E5D68 /* Frameworks */,
			);
			sourceTree = "<group>";
		};
		9A9C8B3223916607006A741D /* Products */ = {
			isa = PBXGroup;
			children = (
				9A9C8B3123916607006A741D /* BCXTest.app */,
			);
			name = Products;
			sourceTree = "<group>";
		};
		9A9C8B3323916607006A741D /* BCXTest */ = {
			isa = PBXGroup;
			children = (
				9A9C8B3423916607006A741D /* AppDelegate.h */,
				9A9C8B3523916607006A741D /* AppDelegate.m */,
				9A9C8B3723916607006A741D /* SceneDelegate.h */,
				9A9C8B3823916607006A741D /* SceneDelegate.m */,
				9A9C8B3A23916607006A741D /* ViewController.h */,
				9A9C8B3B23916607006A741D /* ViewController.mm */,
				9A5CDCBF239F3C4F00950019 /* BCXTest.cpp */,
				9A5CDCC0239F3C4F00950019 /* BCXTest.hpp */,
				9A9C8B3D23916607006A741D /* Main.storyboard */,
				9A9C8B4023916611006A741D /* Assets.xcassets */,
				9A9C8B4223916611006A741D /* LaunchScreen.storyboard */,
				9A9C8B4523916611006A741D /* Info.plist */,
				9A9C8B4623916611006A741D /* main.m */,
			);
			path = BCXTest;
			sourceTree = "<group>";
		};
/* End PBXGroup section */

/* Begin PBXNativeTarget section */
		9A9C8B3023916607006A741D /* BCXTest */ = {
			isa = PBXNativeTarget;
			buildConfigurationList = 9A9C8B4A23916611006A741D /* Build configuration list for PBXNativeTarget "BCXTest" */;
			buildPhases = (
				9A9C8B2D23916607006A741D /* Sources */,
				9A9C8B2E23916607006A741D /* Frameworks */,
				9A9C8B2F23916607006A741D /* Resources */,
			);
			buildRules = (
			);
			dependencies = (
			);
			name = BCXTest;
			productName = BCXTest;
			productReference = 9A9C8B3123916607006A741D /* BCXTest.app */;
			productType = "com.apple.product-type.application";
		};
/* End PBXNativeTarget section */

/* Begin PBXProject section */
		9A9C8B2923916607006A741D /* Project object */ = {
			isa = PBXProject;
			attributes = {
				LastUpgradeCheck = 1110;
				ORGANIZATIONNAME = SDKBox;
				TargetAttributes = {
					9A9C8B3023916607006A741D = {
						CreatedOnToolsVersion = 11.1;
					};
				};
			};
			buildConfigurationList = 9A9C8B2C23916607006A741D /* Build configuration list for PBXProject "BCXTest" */;
			compatibilityVersion = "Xcode 9.3";
			developmentRegion = en;
			hasScannedForEncodings = 0;
			knownRegions = (
				en,
				Base,
			);
			mainGroup = 9A9C8B2823916607006A741D;
			productRefGroup = 9A9C8B3223916607006A741D /* Products */;
			projectDirPath = "";
			projectReferences = (
				{
					ProductGroup = 9A5CDCC3239F3D3800950019 /* Products */;
					ProjectRef = 9A5CDCC2239F3D3800950019 /* bcx.xcodeproj */;
				},
			);
			projectRoot = "";
			targets = (
				9A9C8B3023916607006A741D /* BCXTest */,
			);
		};
/* End PBXProject section */

/* Begin PBXReferenceProxy section */
		9A5CDCC8239F3D3800950019 /* libbcx.a */ = {
			isa = PBXReferenceProxy;
			fileType = archive.ar;
			path = libbcx.a;
			remoteRef = 9A5CDCC7239F3D3800950019 /* PBXContainerItemProxy */;
			sourceTree = BUILT_PRODUCTS_DIR;
		};
		9A5CDCCA239F3D3800950019 /* libbcx mac.a */ = {
			isa = PBXReferenceProxy;
			fileType = archive.ar;
			path = "libbcx mac.a";
			remoteRef = 9A5CDCC9239F3D3800950019 /* PBXContainerItemProxy */;
			sourceTree = BUILT_PRODUCTS_DIR;
		};
/* End PBXReferenceProxy section */

/* Begin PBXResourcesBuildPhase section */
		9A9C8B2F23916607006A741D /* Resources */ = {
			isa = PBXResourcesBuildPhase;
			buildActionMask = 2147483647;
			files = (
				9A9C8B4423916611006A741D /* LaunchScreen.storyboard in Resources */,
				9A9C8B4123916611006A741D /* Assets.xcassets in Resources */,
				9A9C8B3F23916607006A741D /* Main.storyboard in Resources */,
			);
			runOnlyForDeploymentPostprocessing = 0;
		};
/* End PBXResourcesBuildPhase section */

/* Begin PBXSourcesBuildPhase section */
		9A9C8B2D23916607006A741D /* Sources */ = {
			isa = PBXSourcesBuildPhase;
			buildActionMask = 2147483647;
			files = (
				9A9C8B3C23916607006A741D /* ViewController.mm in Sources */,
				9A9C8B3623916607006A741D /* AppDelegate.m in Sources */,
				9A5CDCC1239F3C4F00950019 /* BCXTest.cpp in Sources */,
				9A9C8B4723916611006A741D /* main.m in Sources */,
				9A9C8B3923916607006A741D /* SceneDelegate.m in Sources */,
			);
			runOnlyForDeploymentPostprocessing = 0;
		};
/* End PBXSourcesBuildPhase section */

/* Begin PBXVariantGroup section */
		9A9C8B3D23916607006A741D /* Main.storyboard */ = {
			isa = PBXVariantGroup;
			children = (
				9A9C8B3E23916607006A741D /* Base */,
			);
			name = Main.storyboard;
			sourceTree = "<group>";
		};
		9A9C8B4223916611006A741D /* LaunchScreen.storyboard */ = {
			isa = PBXVariantGroup;
			children = (
				9A9C8B4323916611006A741D /* Base */,
			);
			name = LaunchScreen.storyboard;
			sourceTree = "<group>";
		};
/* End PBXVariantGroup section */

/* Begin XCBuildConfiguration section */
		9A9C8B4823916611006A741D /* Debug */ = {
			isa = XCBuildConfiguration;
			buildSettings = {
				ALWAYS_SEARCH_USER_PATHS = NO;
				CLANG_ANALYZER_NONNULL = YES;
				CLANG_ANALYZER_NUMBER_OBJECT_CONVERSION = YES_AGGRESSIVE;
				CLANG_CXX_LANGUAGE_STANDARD = "gnu++14";
				CLANG_CXX_LIBRARY = "libc++";
				CLANG_ENABLE_MODULES = YES;
				CLANG_ENABLE_OBJC_ARC = YES;
				CLANG_ENABLE_OBJC_WEAK = YES;
				CLANG_WARN_BLOCK_CAPTURE_AUTORELEASING = YES;
				CLANG_WARN_BOOL_CONVERSION = YES;
				CLANG_WARN_COMMA = YES;
				CLANG_WARN_CONSTANT_CONVERSION = YES;
				CLANG_WARN_DEPRECATED_OBJC_IMPLEMENTATIONS = YES;
				CLANG_WARN_DIRECT_OBJC_ISA_USAGE = YES_ERROR;
				CLANG_WARN_DOCUMENTATION_COMMENTS = YES;
				CLANG_WARN_EMPTY_BODY = YES;
				CLANG_WARN_ENUM_CONVERSION = YES;
				CLANG_WARN_INFINITE_RECURSION = YES;
				CLANG_WARN_INT_CONVERSION = YES;
				CLANG_WARN_NON_LITERAL_NULL_CONVERSION = YES;
				CLANG_WARN_OBJC_IMPLICIT_RETAIN_SELF = YES;
				CLANG_WARN_OBJC_LITERAL_CONVERSION = YES;
				CLANG_WARN_OBJC_ROOT_CLASS = YES_ERROR;
				CLANG_WARN_RANGE_LOOP_ANALYSIS = YES;
				CLANG_WARN_STRICT_PROTOTYPES = YES;
				CLANG_WARN_SUSPICIOUS_MOVE = YES;
				CLANG_WARN_UNGUARDED_AVAILABILITY = YES_AGGRESSIVE;
				CLANG_WARN_UNREACHABLE_CODE = YES;
				CLANG_WARN__DUPLICATE_METHOD_MATCH = YES;
				COPY_PHASE_STRIP = NO;
				DEBUG_INFORMATION_FORMAT = dwarf;
				ENABLE_STRICT_OBJC_MSGSEND = YES;
				ENABLE_TESTABILITY = YES;
				GCC_C_LANGUAGE_STANDARD = gnu11;
				GCC_DYNAMIC_NO_PIC = NO;
				GCC_NO_COMMON_BLOCKS = YES;
				GCC_OPTIMIZATION_LEVEL = 0;
				GCC_PREPROCESSOR_DEFINITIONS = (
					"DEBUG=1",
					"$(inherited)",
				);
				GCC_WARN_64_TO_32_BIT_CONVERSION = YES;
				GCC_WARN_ABOUT_RETURN_TYPE = YES_ERROR;
				GCC_WARN_UNDECLARED_SELECTOR = YES;
				GCC_WARN_UNINITIALIZED_AUTOS = YES_AGGRESSIVE;
				GCC_WARN_UNUSED_FUNCTION = YES;
				GCC_WARN_UNUSED_VARIABLE = YES;
				IPHONEOS_DEPLOYMENT_TARGET = 13.1;
				MTL_ENABLE_DEBUG_INFO = INCLUDE_SOURCE;
				MTL_FAST_MATH = YES;
				ONLY_ACTIVE_ARCH = YES;
				SDKROOT = iphoneos;
			};
			name = Debug;
		};
		9A9C8B4923916611006A741D /* Release */ = {
			isa = XCBuildConfiguration;
			buildSettings = {
				ALWAYS_SEARCH_USER_PATHS = NO;
				CLANG_ANALYZER_NONNULL = YES;
				CLANG_ANALYZER_NUMBER_OBJECT_CONVERSION = YES_AGGRESSIVE;
				CLANG_CXX_LANGUAGE_STANDARD = "gnu++14";
				CLANG_CXX_LIBRARY = "libc++";
				CLANG_ENABLE_MODULES = YES;
				CLANG_ENABLE_OBJC_ARC = YES;
				CLANG_ENABLE_OBJC_WEAK = YES;
				CLANG_WARN_BLOCK_CAPTURE_AUTORELEASING = YES;
				CLANG_WARN_BOOL_CONVERSION = YES;
				CLANG_WARN_COMMA = YES;
				CLANG_WARN_CONSTANT_CONVERSION = YES;
				CLANG_WARN_DEPRECATED_OBJC_IMPLEMENTATIONS = YES;
				CLANG_WARN_DIRECT_OBJC_ISA_USAGE = YES_ERROR;
				CLANG_WARN_DOCUMENTATION_COMMENTS = YES;
				CLANG_WARN_EMPTY_BODY = YES;
				CLANG_WARN_ENUM_CONVERSION = YES;
				CLANG_WARN_INFINITE_RECURSION = YES;
				CLANG_WARN_INT_CONVERSION = YES;
				CLANG_WARN_NON_LITERAL_NULL_CONVERSION = YES;
				CLANG_WARN_OBJC_IMPLICIT_RETAIN_SELF = YES;
				CLANG_WARN_OBJC_LITERAL_CONVERSION = YES;
				CLANG_WARN_OBJC_ROOT_CLASS = YES_ERROR;
				CLANG_WARN_RANGE_LOOP_ANALYSIS = YES;
				CLANG_WARN_STRICT_PROTOTYPES = YES;
				CLANG_WARN_SUSPICIOUS_MOVE = YES;
				CLANG_WARN_UNGUARDED_AVAILABILITY = YES_AGGRESSIVE;
				CLANG_WARN_UNREACHABLE_CODE = YES;
				CLANG_WARN__DUPLICATE_METHOD_MATCH = YES;
				COPY_PHASE_STRIP = NO;
				DEBUG_INFORMATION_FORMAT = "dwarf-with-dsym";
				ENABLE_NS_ASSERTIONS = NO;
				ENABLE_STRICT_OBJC_MSGSEND = YES;
				GCC_C_LANGUAGE_STANDARD = gnu11;
				GCC_NO_COMMON_BLOCKS = YES;
				GCC_WARN_64_TO_32_BIT_CONVERSION = YES;
				GCC_WARN_ABOUT_RETURN_TYPE = YES_ERROR;
				GCC_WARN_UNDECLARED_SELECTOR = YES;
				GCC_WARN_UNINITIALIZED_AUTOS = YES_AGGRESSIVE;
				GCC_WARN_UNUSED_FUNCTION = YES;
				GCC_WARN_UNUSED_VARIABLE = YES;
				IPHONEOS_DEPLOYMENT_TARGET = 13.1;
				MTL_ENABLE_DEBUG_INFO = NO;
				MTL_FAST_MATH = YES;
				SDKROOT = iphoneos;
				VALIDATE_PRODUCT = YES;
			};
			name = Release;
		};
		9A9C8B4B23916611006A741D /* Debug */ = {
			isa = XCBuildConfiguration;
			buildSettings = {
				ASSETCATALOG_COMPILER_APPICON_NAME = AppIcon;
				CODE_SIGN_STYLE = Automatic;
				INFOPLIST_FILE = BCXTest/Info.plist;
				LD_RUNPATH_SEARCH_PATHS = (
					"$(inherited)",
					"@executable_path/Frameworks",
				);
				LIBRARY_SEARCH_PATHS = (
					"$(inherited)",
					"$(PROJECT_DIR)/BCXTest/bcx/3rd/secp256k1/prebuilt/ios",
					"$(PROJECT_DIR)/BCXTest/bcx/3rd/secp256k1/prebuilt/mac",
					"$(PROJECT_DIR)/BCXTest/bcx/3rd/secp256k1/prebuilt/android",
					"$(PROJECT_DIR)/BCXTest/bcx/3rd/secp256k1/prebuilt/android/armeabi-v7a",
					"$(PROJECT_DIR)/BCXTest/bcx/3rd/secp256k1/prebuilt/android/x86",
					"$(PROJECT_DIR)/BCXTest/bcx/3rd/secp256k1/prebuilt/android/arm64-v8a",
					"$(PROJECT_DIR)/BCXTest/bcx/3rd/openssl/prebuilt/ios",
					"$(PROJECT_DIR)/BCXTest/bcx/3rd/openssl/prebuilt/mac",
					"$(PROJECT_DIR)/BCXTest/bcx/3rd/openssl/prebuilt/tvos",
					"$(PROJECT_DIR)/BCXTest/bcx/3rd/openssl/prebuilt/tizen/x86",
					"$(PROJECT_DIR)/BCXTest/bcx/3rd/openssl/prebuilt/tizen/arm",
					"$(PROJECT_DIR)/BCXTest/bcx/3rd/openssl/prebuilt/linux/64-bit",
					"$(PROJECT_DIR)/BCXTest/bcx/3rd/openssl/prebuilt/android/armeabi-v7a",
					"$(PROJECT_DIR)/BCXTest/bcx/3rd/openssl/prebuilt/android/x86",
					"$(PROJECT_DIR)/BCXTest/bcx/3rd/openssl/prebuilt/android/arm64-v8a",
					"$(PROJECT_DIR)/BCXTest/bcx/3rd/openssl/prebuilt/win32",
					"$(PROJECT_DIR)/BCXTest/bcx/3rd/websockets/prebuilt/ios",
					"$(PROJECT_DIR)/BCXTest/bcx/3rd/websockets/prebuilt/mac",
					"$(PROJECT_DIR)/BCXTest/bcx/3rd/websockets/prebuilt/tvos",
					"$(PROJECT_DIR)/BCXTest/bcx/3rd/websockets/prebuilt/tizen/x86",
					"$(PROJECT_DIR)/BCXTest/bcx/3rd/websockets/prebuilt/tizen/arm",
					"$(PROJECT_DIR)/BCXTest/bcx/3rd/websockets/prebuilt/linux/i386",
					"$(PROJECT_DIR)/BCXTest/bcx/3rd/websockets/prebuilt/linux/64-bit",
					"$(PROJECT_DIR)/BCXTest/bcx/3rd/websockets/prebuilt/win10/x64",
					"$(PROJECT_DIR)/BCXTest/bcx/3rd/websockets/prebuilt/win10/win32",
					"$(PROJECT_DIR)/BCXTest/bcx/3rd/websockets/prebuilt/android/armeabi-v7a",
					"$(PROJECT_DIR)/BCXTest/bcx/3rd/websockets/prebuilt/android/x86",
					"$(PROJECT_DIR)/BCXTest/bcx/3rd/websockets/prebuilt/android/arm64-v8a",
					"$(PROJECT_DIR)/BCXTest/bcx/3rd/websockets/prebuilt/win32",
					"$(PROJECT_DIR)/BCXTest/bcx/3rd/uv/prebuilt/ios/i386",
					"$(PROJECT_DIR)/BCXTest/bcx/3rd/uv/prebuilt/ios/armv7",
					"$(PROJECT_DIR)/BCXTest/bcx/3rd/uv/prebuilt/ios/arm64",
					"$(PROJECT_DIR)/BCXTest/bcx/3rd/uv/prebuilt/ios",
					"$(PROJECT_DIR)/BCXTest/bcx/3rd/uv/prebuilt/ios/x86_64",
					"$(PROJECT_DIR)/BCXTest/bcx/3rd/uv/prebuilt/mac",
					"$(PROJECT_DIR)/BCXTest/bcx/3rd/uv/prebuilt/mac/x86_64",
					"$(PROJECT_DIR)/BCXTest/bcx/3rd/uv/prebuilt/tvos/arm64",
					"$(PROJECT_DIR)/BCXTest/bcx/3rd/uv/prebuilt/tvos",
					"$(PROJECT_DIR)/BCXTest/bcx/3rd/uv/prebuilt/tvos/x86_64",
					"$(PROJECT_DIR)/BCXTest/bcx/3rd/uv/prebuilt/linux/i386",
					"$(PROJECT_DIR)/BCXTest/bcx/3rd/uv/prebuilt/linux/64-bit",
					"$(PROJECT_DIR)/BCXTest/bcx/3rd/uv/prebuilt/win10/x64",
					"$(PROJECT_DIR)/BCXTest/bcx/3rd/uv/prebuilt/win10/i386",
					"$(PROJECT_DIR)/BCXTest/bcx/3rd/uv/prebuilt/android/armeabi-v7a",
					"$(PROJECT_DIR)/BCXTest/bcx/3rd/uv/prebuilt/android/x86",
					"$(PROJECT_DIR)/BCXTest/bcx/3rd/uv/prebuilt/android/arm64-v8a",
					"$(PROJECT_DIR)/BCXTest/bcx/3rd/uv/prebuilt/win32",
				);
				PRODUCT_BUNDLE_IDENTIFIER = com.sdkbox.test.app.bcx;
				PRODUCT_NAME = "$(TARGET_NAME)";
				SYSTEM_HEADER_SEARCH_PATHS = "";
				TARGETED_DEVICE_FAMILY = "1,2";
				USER_HEADER_SEARCH_PATHS = "\"$(SRCROOT)/../../bcx/libbcx\"";
			};
			name = Debug;
		};
		9A9C8B4C23916611006A741D /* Release */ = {
			isa = XCBuildConfiguration;
			buildSettings = {
				ASSETCATALOG_COMPILER_APPICON_NAME = AppIcon;
				CODE_SIGN_STYLE = Automatic;
				INFOPLIST_FILE = BCXTest/Info.plist;
				LD_RUNPATH_SEARCH_PATHS = (
					"$(inherited)",
					"@executable_path/Frameworks",
				);
				LIBRARY_SEARCH_PATHS = (
					"$(inherited)",
					"$(PROJECT_DIR)/BCXTest/bcx/3rd/secp256k1/prebuilt/ios",
					"$(PROJECT_DIR)/BCXTest/bcx/3rd/secp256k1/prebuilt/mac",
					"$(PROJECT_DIR)/BCXTest/bcx/3rd/secp256k1/prebuilt/android",
					"$(PROJECT_DIR)/BCXTest/bcx/3rd/secp256k1/prebuilt/android/armeabi-v7a",
					"$(PROJECT_DIR)/BCXTest/bcx/3rd/secp256k1/prebuilt/android/x86",
					"$(PROJECT_DIR)/BCXTest/bcx/3rd/secp256k1/prebuilt/android/arm64-v8a",
					"$(PROJECT_DIR)/BCXTest/bcx/3rd/openssl/prebuilt/ios",
					"$(PROJECT_DIR)/BCXTest/bcx/3rd/openssl/prebuilt/mac",
					"$(PROJECT_DIR)/BCXTest/bcx/3rd/openssl/prebuilt/tvos",
					"$(PROJECT_DIR)/BCXTest/bcx/3rd/openssl/prebuilt/tizen/x86",
					"$(PROJECT_DIR)/BCXTest/bcx/3rd/openssl/prebuilt/tizen/arm",
					"$(PROJECT_DIR)/BCXTest/bcx/3rd/openssl/prebuilt/linux/64-bit",
					"$(PROJECT_DIR)/BCXTest/bcx/3rd/openssl/prebuilt/android/armeabi-v7a",
					"$(PROJECT_DIR)/BCXTest/bcx/3rd/openssl/prebuilt/android/x86",
					"$(PROJECT_DIR)/BCXTest/bcx/3rd/openssl/prebuilt/android/arm64-v8a",
					"$(PROJECT_DIR)/BCXTest/bcx/3rd/openssl/prebuilt/win32",
					"$(PROJECT_DIR)/BCXTest/bcx/3rd/websockets/prebuilt/ios",
					"$(PROJECT_DIR)/BCXTest/bcx/3rd/websockets/prebuilt/mac",
					"$(PROJECT_DIR)/BCXTest/bcx/3rd/websockets/prebuilt/tvos",
					"$(PROJECT_DIR)/BCXTest/bcx/3rd/websockets/prebuilt/tizen/x86",
					"$(PROJECT_DIR)/BCXTest/bcx/3rd/websockets/prebuilt/tizen/arm",
					"$(PROJECT_DIR)/BCXTest/bcx/3rd/websockets/prebuilt/linux/i386",
					"$(PROJECT_DIR)/BCXTest/bcx/3rd/websockets/prebuilt/linux/64-bit",
					"$(PROJECT_DIR)/BCXTest/bcx/3rd/websockets/prebuilt/win10/x64",
					"$(PROJECT_DIR)/BCXTest/bcx/3rd/websockets/prebuilt/win10/win32",
					"$(PROJECT_DIR)/BCXTest/bcx/3rd/websockets/prebuilt/android/armeabi-v7a",
					"$(PROJECT_DIR)/BCXTest/bcx/3rd/websockets/prebuilt/android/x86",
					"$(PROJECT_DIR)/BCXTest/bcx/3rd/websockets/prebuilt/android/arm64-v8a",
					"$(PROJECT_DIR)/BCXTest/bcx/3rd/websockets/prebuilt/win32",
					"$(PROJECT_DIR)/BCXTest/bcx/3rd/uv/prebuilt/ios/i386",
					"$(PROJECT_DIR)/BCXTest/bcx/3rd/uv/prebuilt/ios/armv7",
					"$(PROJECT_DIR)/BCXTest/bcx/3rd/uv/prebuilt/ios/arm64",
					"$(PROJECT_DIR)/BCXTest/bcx/3rd/uv/prebuilt/ios",
					"$(PROJECT_DIR)/BCXTest/bcx/3rd/uv/prebuilt/ios/x86_64",
					"$(PROJECT_DIR)/BCXTest/bcx/3rd/uv/prebuilt/mac",
					"$(PROJECT_DIR)/BCXTest/bcx/3rd/uv/prebuilt/mac/x86_64",
					"$(PROJECT_DIR)/BCXTest/bcx/3rd/uv/prebuilt/tvos/arm64",
					"$(PROJECT_DIR)/BCXTest/bcx/3rd/uv/prebuilt/tvos",
					"$(PROJECT_DIR)/BCXTest/bcx/3rd/uv/prebuilt/tvos/x86_64",
					"$(PROJECT_DIR)/BCXTest/bcx/3rd/uv/prebuilt/linux/i386",
					"$(PROJECT_DIR)/BCXTest/bcx/3rd/uv/prebuilt/linux/64-bit",
					"$(PROJECT_DIR)/BCXTest/bcx/3rd/uv/prebuilt/win10/x64",
					"$(PROJECT_DIR)/BCXTest/bcx/3rd/uv/prebuilt/win10/i386",
					"$(PROJECT_DIR)/BCXTest/bcx/3rd/uv/prebuilt/android/armeabi-v7a",
					"$(PROJECT_DIR)/BCXTest/bcx/3rd/uv/prebuilt/android/x86",
					"$(PROJECT_DIR)/BCXTest/bcx/3rd/uv/prebuilt/android/arm64-v8a",
					"$(PROJECT_DIR)/BCXTest/bcx/3rd/uv/prebuilt/win32",
				);
				PRODUCT_BUNDLE_IDENTIFIER = com.sdkbox.test.app.bcx;
				PRODUCT_NAME = "$(TARGET_NAME)";
				SYSTEM_HEADER_SEARCH_PATHS = "";
				TARGETED_DEVICE_FAMILY = "1,2";
				USER_HEADER_SEARCH_PATHS = "\"$(SRCROOT)/../../bcx/libbcx\"";
			};
			name = Release;
		};
/* End XCBuildConfiguration section */

/* Begin XCConfigurationList section */
		9A9C8B2C23916607006A741D /* Build configuration list for PBXProject "BCXTest" */ = {
			isa = XCConfigurationList;
			buildConfigurations = (
				9A9C8B4823916611006A741D /* Debug */,
				9A9C8B4923916611006A741D /* Release */,
			);
			defaultConfigurationIsVisible = 0;
			defaultConfigurationName = Release;
		};
		9A9C8B4A23916611006A741D /* Build configuration list for PBXNativeTarget "BCXTest" */ = {
			isa = XCConfigurationList;
			buildConfigurations = (
				9A9C8B4B23916611006A741D /* Debug */,
				9A9C8B4C23916611006A741D /* Release */,
			);
			defaultConfigurationIsVisible = 0;
			defaultConfigurationName = Release;
		};
/* End XCConfigurationList section */
	};
	rootObject = 9A9C8B2923916607006A741D /* Project object */;
}
